
Microsoft Visual Studio Solution File, Format Version 12.00
# Visual Studio Version 17
VisualStudioVersion = 17.14.36327.8 d17.14
MinimumVisualStudioVersion = 10.0.40219.1
Project("{FAE04EC0-301F-11D3-BF4B-00C04F79EFBC}") = "StudentsManagement", "StudentsManagement\StudentsManagement.csproj", "{09380029-76E5-47B7-9D6F-2AD5F5A01F01}"
EndProject
Global
	GlobalSection(SolutionConfigurationPlatforms) = preSolution
		Debug|Any CPU = Debug|Any CPU
		Release|Any CPU = Release|Any CPU
	EndGlobalSection
	GlobalSection(ProjectConfigurationPlatforms) = postSolution
		{09380029-76E5-47B7-9D6F-2AD5F5A01F01}.Debug|Any CPU.ActiveCfg = Debug|Any CPU
		{09380029-76E5-47B7-9D6F-2AD5F5A01F01}.Debug|Any CPU.Build.0 = Debug|Any CPU
		{09380029-76E5-47B7-9D6F-2AD5F5A01F01}.Release|Any CPU.ActiveCfg = Release|Any CPU
		{09380029-76E5-47B7-9D6F-2AD5F5A01F01}.Release|Any CPU.Build.0 = Release|Any CPU
	EndGlobalSection
	GlobalSection(SolutionProperties) = preSolution
		HideSolutionNode = FALSE
	EndGlobalSection
	GlobalSection(ExtensibilityGlobals) = postSolution
		SolutionGuid = {FD3835A3-D0E1-434F-8566-A90C5E216AC6}
	EndGlobalSection
EndGlobal
